
Microsoft Visual Studio Solution File, Format Version 11.00
# Visual Studio 2010
Project("{FAE04EC0-301F-11D3-BF4B-00C04F79EFBC}") = "Anti_Ransomware", "Anti_Ransomware\Anti_Ransomware.csproj", "{FF2A2D76-A93C-4623-8F7F-96BA0DB1B38D}"
EndProject
Global
	GlobalSection(SolutionConfigurationPlatforms) = preSolution
		Debug|x86 = Debug|x86
		Release|x86 = Release|x86
	EndGlobalSection
	GlobalSection(ProjectConfigurationPlatforms) = postSolution
		{FF2A2D76-A93C-4623-8F7F-96BA0DB1B38D}.Debug|x86.ActiveCfg = Debug|x86
		{FF2A2D76-A93C-4623-8F7F-96BA0DB1B38D}.Debug|x86.Build.0 = Debug|x86
		{FF2A2D76-A93C-4623-8F7F-96BA0DB1B38D}.Release|x86.ActiveCfg = Release|x86
		{FF2A2D76-A93C-4623-8F7F-96BA0DB1B38D}.Release|x86.Build.0 = Release|x86
	EndGlobalSection
	GlobalSection(SolutionProperties) = preSolution
		HideSolutionNode = FALSE
	EndGlobalSection
EndGlobal
